
Microsoft Visual Studio Solution File, Format Version 12.00
# Visual Studio 15
VisualStudioVersion = 15.0.27130.2027
MinimumVisualStudioVersion = 10.0.40219.1
Project("{9A19103F-16F7-4668-BE54-9A1E7A4F7556}") = "SmartCoin", "ConsoleApp2\SmartCoin.csproj", "{760CBDD5-6373-42E3-8F89-7BF3D1DDE66B}"
EndProject
Global
	GlobalSection(SolutionConfigurationPlatforms) = preSolution
		Debug|Any CPU = Debug|Any CPU
		Release|Any CPU = Release|Any CPU
	EndGlobalSection
	GlobalSection(ProjectConfigurationPlatforms) = postSolution
		{760CBDD5-6373-42E3-8F89-7BF3D1DDE66B}.Debug|Any CPU.ActiveCfg = Debug|Any CPU
		{760CBDD5-6373-42E3-8F89-7BF3D1DDE66B}.Debug|Any CPU.Build.0 = Debug|Any CPU
		{760CBDD5-6373-42E3-8F89-7BF3D1DDE66B}.Release|Any CPU.ActiveCfg = Release|Any CPU
		{760CBDD5-6373-42E3-8F89-7BF3D1DDE66B}.Release|Any CPU.Build.0 = Release|Any CPU
	EndGlobalSection
	GlobalSection(SolutionProperties) = preSolution
		HideSolutionNode = FALSE
	EndGlobalSection
	GlobalSection(ExtensibilityGlobals) = postSolution
		SolutionGuid = {C484DE0D-13D9-4E20-93B8-5A12B74AD282}
	EndGlobalSection
EndGlobal
